
Microsoft Visual Studio Solution File, Format Version 12.00
# Visual Studio 14
VisualStudioVersion = 14.0.25420.1
MinimumVisualStudioVersion = 10.0.40219.1
Project("{FAE04EC0-301F-11D3-BF4B-00C04F79EFBC}") = "MiniLang", "MiniLang\MiniLang.csproj", "{C842A97E-2FD7-4C7C-9C5F-6896FCA3EC4E}"
EndProject
Project("{FAE04EC0-301F-11D3-BF4B-00C04F79EFBC}") = "MiniLangLib", "MiniLangLib\MiniLangLib.csproj", "{2B1ECEB7-F208-48AD-9C09-F780300DF671}"
EndProject
Project("{FAE04EC0-301F-11D3-BF4B-00C04F79EFBC}") = "MiniLangWin", "MiniLangWin\MiniLangWin.csproj", "{2664B214-AC3B-4F79-AD4A-067B624D1073}"
EndProject
Global
	GlobalSection(SolutionConfigurationPlatforms) = preSolution
		Debug|Any CPU = Debug|Any CPU
		Release|Any CPU = Release|Any CPU
	EndGlobalSection
	GlobalSection(ProjectConfigurationPlatforms) = postSolution
		{C842A97E-2FD7-4C7C-9C5F-6896FCA3EC4E}.Debug|Any CPU.ActiveCfg = Debug|Any CPU
		{C842A97E-2FD7-4C7C-9C5F-6896FCA3EC4E}.Debug|Any CPU.Build.0 = Debug|Any CPU
		{C842A97E-2FD7-4C7C-9C5F-6896FCA3EC4E}.Release|Any CPU.ActiveCfg = Release|Any CPU
		{C842A97E-2FD7-4C7C-9C5F-6896FCA3EC4E}.Release|Any CPU.Build.0 = Release|Any CPU
		{2B1ECEB7-F208-48AD-9C09-F780300DF671}.Debug|Any CPU.ActiveCfg = Debug|Any CPU
		{2B1ECEB7-F208-48AD-9C09-F780300DF671}.Debug|Any CPU.Build.0 = Debug|Any CPU
		{2B1ECEB7-F208-48AD-9C09-F780300DF671}.Release|Any CPU.ActiveCfg = Release|Any CPU
		{2B1ECEB7-F208-48AD-9C09-F780300DF671}.Release|Any CPU.Build.0 = Release|Any CPU
		{2664B214-AC3B-4F79-AD4A-067B624D1073}.Debug|Any CPU.ActiveCfg = Debug|Any CPU
		{2664B214-AC3B-4F79-AD4A-067B624D1073}.Debug|Any CPU.Build.0 = Debug|Any CPU
		{2664B214-AC3B-4F79-AD4A-067B624D1073}.Release|Any CPU.ActiveCfg = Release|Any CPU
		{2664B214-AC3B-4F79-AD4A-067B624D1073}.Release|Any CPU.Build.0 = Release|Any CPU
	EndGlobalSection
	GlobalSection(SolutionProperties) = preSolution
		HideSolutionNode = FALSE
	EndGlobalSection
EndGlobal
